
Microsoft Visual Studio Solution File, Format Version 12.00
# Visual Studio Version 17
VisualStudioVersion = 17.11.35327.3
MinimumVisualStudioVersion = 10.0.40219.1
Project("{9A19103F-16F7-4668-BE54-9A1E7A4F7556}") = "ReversibleTuringMachine", "UI\ReversibleTuringMachine.csproj", "{09CD9E7A-DE0C-4FC3-BB46-96EA37AE5B89}"
EndProject
Project("{9A19103F-16F7-4668-BE54-9A1E7A4F7556}") = "TuringMachineSim", "Core\TuringMachineSim.csproj", "{762F2870-9054-41C1-99E8-4F054C4F67BC}"
EndProject
Global
	GlobalSection(SolutionConfigurationPlatforms) = preSolution
		Debug|Any CPU = Debug|Any CPU
		Release|Any CPU = Release|Any CPU
	EndGlobalSection
	GlobalSection(ProjectConfigurationPlatforms) = postSolution
		{09CD9E7A-DE0C-4FC3-BB46-96EA37AE5B89}.Debug|Any CPU.ActiveCfg = Debug|Any CPU
		{09CD9E7A-DE0C-4FC3-BB46-96EA37AE5B89}.Debug|Any CPU.Build.0 = Debug|Any CPU
		{09CD9E7A-DE0C-4FC3-BB46-96EA37AE5B89}.Release|Any CPU.ActiveCfg = Release|Any CPU
		{09CD9E7A-DE0C-4FC3-BB46-96EA37AE5B89}.Release|Any CPU.Build.0 = Release|Any CPU
		{762F2870-9054-41C1-99E8-4F054C4F67BC}.Debug|Any CPU.ActiveCfg = Debug|Any CPU
		{762F2870-9054-41C1-99E8-4F054C4F67BC}.Debug|Any CPU.Build.0 = Debug|Any CPU
		{762F2870-9054-41C1-99E8-4F054C4F67BC}.Release|Any CPU.ActiveCfg = Release|Any CPU
		{762F2870-9054-41C1-99E8-4F054C4F67BC}.Release|Any CPU.Build.0 = Release|Any CPU
	EndGlobalSection
	GlobalSection(SolutionProperties) = preSolution
		HideSolutionNode = FALSE
	EndGlobalSection
	GlobalSection(ExtensibilityGlobals) = postSolution
		SolutionGuid = {03FF6384-2D2E-4AE4-9FD3-5FC866DEFA60}
	EndGlobalSection
EndGlobal
